
Microsoft Visual Studio Solution File, Format Version 12.00
# Visual Studio 2013
VisualStudioVersion = 12.0.31101.0
MinimumVisualStudioVersion = 10.0.40219.1
Project("{FAE04EC0-301F-11D3-BF4B-00C04F79EFBC}") = "ConsoleApplication1", "ConsoleApplication1\ConsoleApplication1.csproj", "{2DAA9A1C-29F6-4D8B-AC3E-80B4B3B11E2D}"
EndProject
Project("{FAE04EC0-301F-11D3-BF4B-00C04F79EFBC}") = "UnitTests", "UnitTests\UnitTests.csproj", "{DF37CE3F-C3D3-4EB8-A29B-33B82141266F}"
EndProject
Global
	GlobalSection(SolutionConfigurationPlatforms) = preSolution
		Debug|Any CPU = Debug|Any CPU
		Release|Any CPU = Release|Any CPU
	EndGlobalSection
	GlobalSection(ProjectConfigurationPlatforms) = postSolution
		{2DAA9A1C-29F6-4D8B-AC3E-80B4B3B11E2D}.Debug|Any CPU.ActiveCfg = Debug|Any CPU
		{2DAA9A1C-29F6-4D8B-AC3E-80B4B3B11E2D}.Debug|Any CPU.Build.0 = Debug|Any CPU
		{2DAA9A1C-29F6-4D8B-AC3E-80B4B3B11E2D}.Release|Any CPU.ActiveCfg = Release|Any CPU
		{2DAA9A1C-29F6-4D8B-AC3E-80B4B3B11E2D}.Release|Any CPU.Build.0 = Release|Any CPU
		{DF37CE3F-C3D3-4EB8-A29B-33B82141266F}.Debug|Any CPU.ActiveCfg = Debug|Any CPU
		{DF37CE3F-C3D3-4EB8-A29B-33B82141266F}.Debug|Any CPU.Build.0 = Debug|Any CPU
		{DF37CE3F-C3D3-4EB8-A29B-33B82141266F}.Release|Any CPU.ActiveCfg = Release|Any CPU
		{DF37CE3F-C3D3-4EB8-A29B-33B82141266F}.Release|Any CPU.Build.0 = Release|Any CPU
	EndGlobalSection
	GlobalSection(SolutionProperties) = preSolution
		HideSolutionNode = FALSE
	EndGlobalSection
EndGlobal
